
Microsoft Visual Studio Solution File, Format Version 12.00
# Visual Studio Version 17
VisualStudioVersion = 17.2.32505.173
MinimumVisualStudioVersion = 10.0.40219.1
Project("{9A19103F-16F7-4668-BE54-9A1E7A4F7556}") = "HW5", "HW5\HW5.csproj", "{4E71FF62-77E8-41A2-8946-52F586A5D9D0}"
EndProject
Project("{FAE04EC0-301F-11D3-BF4B-00C04F79EFBC}") = "HW5ControlLibrary", "HW5ControlLibrary\HW5ControlLibrary.csproj", "{29E6017B-CC71-4C8D-B978-26BD70A8E81C}"
EndProject
Global
	GlobalSection(SolutionConfigurationPlatforms) = preSolution
		Debug|Any CPU = Debug|Any CPU
		Release|Any CPU = Release|Any CPU
	EndGlobalSection
	GlobalSection(ProjectConfigurationPlatforms) = postSolution
		{4E71FF62-77E8-41A2-8946-52F586A5D9D0}.Debug|Any CPU.ActiveCfg = Debug|Any CPU
		{4E71FF62-77E8-41A2-8946-52F586A5D9D0}.Debug|Any CPU.Build.0 = Debug|Any CPU
		{4E71FF62-77E8-41A2-8946-52F586A5D9D0}.Release|Any CPU.ActiveCfg = Release|Any CPU
		{4E71FF62-77E8-41A2-8946-52F586A5D9D0}.Release|Any CPU.Build.0 = Release|Any CPU
		{29E6017B-CC71-4C8D-B978-26BD70A8E81C}.Debug|Any CPU.ActiveCfg = Debug|Any CPU
		{29E6017B-CC71-4C8D-B978-26BD70A8E81C}.Debug|Any CPU.Build.0 = Debug|Any CPU
		{29E6017B-CC71-4C8D-B978-26BD70A8E81C}.Release|Any CPU.ActiveCfg = Release|Any CPU
		{29E6017B-CC71-4C8D-B978-26BD70A8E81C}.Release|Any CPU.Build.0 = Release|Any CPU
	EndGlobalSection
	GlobalSection(SolutionProperties) = preSolution
		HideSolutionNode = FALSE
	EndGlobalSection
	GlobalSection(ExtensibilityGlobals) = postSolution
		SolutionGuid = {55EEC272-06DA-4A95-B2E9-BFDB4238D1B0}
	EndGlobalSection
EndGlobal
